
Microsoft Visual Studio Solution File, Format Version 12.00
# Visual Studio Version 17
VisualStudioVersion = 17.0.31611.283
MinimumVisualStudioVersion = 10.0.40219.1
Project("{9A19103F-16F7-4668-BE54-9A1E7A4F7556}") = "WorkingWithMaps", "WorkingWithMaps\WorkingWithMaps.csproj", "{09D2F154-E3FE-4377-B73C-2AA8028444A5}"
EndProject
Project("{9A19103F-16F7-4668-BE54-9A1E7A4F7556}") = "WorkingWithMapsTest", "WorkingWithMapsTest\WorkingWithMapsTest.csproj", "{5655AFEB-B412-4416-8C73-538A43E18072}"
EndProject
Project("{9A19103F-16F7-4668-BE54-9A1E7A4F7556}") = "WorkingWithMapsLib", "WorkingWithMapsLib\WorkingWithMapsLib.csproj", "{11985B5E-5D75-4704-A488-F09B315EE7E4}"
EndProject
Project("{9A19103F-16F7-4668-BE54-9A1E7A4F7556}") = "Datasets", "Datasets\Datasets.csproj", "{272DF05A-F531-482C-9296-855EE2DD8CEC}"
EndProject
Project("{9A19103F-16F7-4668-BE54-9A1E7A4F7556}") = "BlueSpot.Client.Sdk", "BlueSpot.Client.Sdk\src\BlueSpot.Client.Sdk\BlueSpot.Client.Sdk.csproj", "{37480D63-6964-435F-A033-45ADFCA81D24}"
EndProject
Project("{9A19103F-16F7-4668-BE54-9A1E7A4F7556}") = "BlueSpot.Client.SDK.Test", "BlueSpot.Client.SDK.Test\BlueSpot.Client.SDK.Test.csproj", "{EAF8A2D2-DC86-4AA9-BDEA-F8CCA291CBAB}"
EndProject
Project("{FAE04EC0-301F-11D3-BF4B-00C04F79EFBC}") = "Utilities", "Utilities\Utilities.csproj", "{6440CE0A-F58E-4AD2-87D9-3C6B34F86EC7}"
EndProject
Global
	GlobalSection(SolutionConfigurationPlatforms) = preSolution
		Debug|Any CPU = Debug|Any CPU
		Release|Any CPU = Release|Any CPU
	EndGlobalSection
	GlobalSection(ProjectConfigurationPlatforms) = postSolution
		{09D2F154-E3FE-4377-B73C-2AA8028444A5}.Debug|Any CPU.ActiveCfg = Debug|Any CPU
		{09D2F154-E3FE-4377-B73C-2AA8028444A5}.Debug|Any CPU.Build.0 = Debug|Any CPU
		{09D2F154-E3FE-4377-B73C-2AA8028444A5}.Debug|Any CPU.Deploy.0 = Debug|Any CPU
		{09D2F154-E3FE-4377-B73C-2AA8028444A5}.Release|Any CPU.ActiveCfg = Release|Any CPU
		{09D2F154-E3FE-4377-B73C-2AA8028444A5}.Release|Any CPU.Build.0 = Release|Any CPU
		{09D2F154-E3FE-4377-B73C-2AA8028444A5}.Release|Any CPU.Deploy.0 = Release|Any CPU
		{5655AFEB-B412-4416-8C73-538A43E18072}.Debug|Any CPU.ActiveCfg = Debug|Any CPU
		{5655AFEB-B412-4416-8C73-538A43E18072}.Debug|Any CPU.Build.0 = Debug|Any CPU
		{5655AFEB-B412-4416-8C73-538A43E18072}.Release|Any CPU.ActiveCfg = Release|Any CPU
		{5655AFEB-B412-4416-8C73-538A43E18072}.Release|Any CPU.Build.0 = Release|Any CPU
		{11985B5E-5D75-4704-A488-F09B315EE7E4}.Debug|Any CPU.ActiveCfg = Debug|Any CPU
		{11985B5E-5D75-4704-A488-F09B315EE7E4}.Debug|Any CPU.Build.0 = Debug|Any CPU
		{11985B5E-5D75-4704-A488-F09B315EE7E4}.Release|Any CPU.ActiveCfg = Release|Any CPU
		{11985B5E-5D75-4704-A488-F09B315EE7E4}.Release|Any CPU.Build.0 = Release|Any CPU
		{272DF05A-F531-482C-9296-855EE2DD8CEC}.Debug|Any CPU.ActiveCfg = Debug|Any CPU
		{272DF05A-F531-482C-9296-855EE2DD8CEC}.Debug|Any CPU.Build.0 = Debug|Any CPU
		{272DF05A-F531-482C-9296-855EE2DD8CEC}.Release|Any CPU.ActiveCfg = Release|Any CPU
		{272DF05A-F531-482C-9296-855EE2DD8CEC}.Release|Any CPU.Build.0 = Release|Any CPU
		{37480D63-6964-435F-A033-45ADFCA81D24}.Debug|Any CPU.ActiveCfg = Debug|Any CPU
		{37480D63-6964-435F-A033-45ADFCA81D24}.Debug|Any CPU.Build.0 = Debug|Any CPU
		{37480D63-6964-435F-A033-45ADFCA81D24}.Release|Any CPU.ActiveCfg = Release|Any CPU
		{37480D63-6964-435F-A033-45ADFCA81D24}.Release|Any CPU.Build.0 = Release|Any CPU
		{EAF8A2D2-DC86-4AA9-BDEA-F8CCA291CBAB}.Debug|Any CPU.ActiveCfg = Debug|Any CPU
		{EAF8A2D2-DC86-4AA9-BDEA-F8CCA291CBAB}.Debug|Any CPU.Build.0 = Debug|Any CPU
		{EAF8A2D2-DC86-4AA9-BDEA-F8CCA291CBAB}.Release|Any CPU.ActiveCfg = Release|Any CPU
		{EAF8A2D2-DC86-4AA9-BDEA-F8CCA291CBAB}.Release|Any CPU.Build.0 = Release|Any CPU
		{6440CE0A-F58E-4AD2-87D9-3C6B34F86EC7}.Debug|Any CPU.ActiveCfg = Debug|Any CPU
		{6440CE0A-F58E-4AD2-87D9-3C6B34F86EC7}.Debug|Any CPU.Build.0 = Debug|Any CPU
		{6440CE0A-F58E-4AD2-87D9-3C6B34F86EC7}.Release|Any CPU.ActiveCfg = Release|Any CPU
		{6440CE0A-F58E-4AD2-87D9-3C6B34F86EC7}.Release|Any CPU.Build.0 = Release|Any CPU
	EndGlobalSection
	GlobalSection(SolutionProperties) = preSolution
		HideSolutionNode = FALSE
	EndGlobalSection
	GlobalSection(ExtensibilityGlobals) = postSolution
		SolutionGuid = {61F7FB11-1E47-470C-91E2-47F8143E1572}
	EndGlobalSection
EndGlobal
